
Microsoft Visual Studio Solution File, Format Version 12.00
# Visual Studio Version 17
VisualStudioVersion = 17.1.32210.238
MinimumVisualStudioVersion = 10.0.40219.1
Project("{9A19103F-16F7-4668-BE54-9A1E7A4F7556}") = "EventFlow", "Source\EventFlow\EventFlow.csproj", "{11131251-778D-4D2E-BDD1-4844A789BCA9}"
EndProject
Project("{9A19103F-16F7-4668-BE54-9A1E7A4F7556}") = "EventFlow.Tests", "Source\EventFlow.Tests\EventFlow.Tests.csproj", "{7747E4A0-B378-46B6-837D-5E78C497B061}"
EndProject
Project("{9A19103F-16F7-4668-BE54-9A1E7A4F7556}") = "EventFlow.TestHelpers", "Source\EventFlow.TestHelpers\EventFlow.TestHelpers.csproj", "{571D291C-5E4C-43AF-855F-7C4E2F318F4C}"
EndProject
Project("{2150E333-8FDC-42A3-9474-1A3956D46DE8}") = "Examples", "Examples", "{673D0A1A-EFEA-4541-942B-6C1FE704EC56}"
EndProject
Project("{2150E333-8FDC-42A3-9474-1A3956D46DE8}") = "Shipping", "Shipping", "{405C2850-2435-4C27-84BA-9DE3BC1DF68B}"
EndProject
Project("{9A19103F-16F7-4668-BE54-9A1E7A4F7556}") = "EventFlow.Examples.Shipping", "Source\EventFlow.Examples.Shipping\EventFlow.Examples.Shipping.csproj", "{8AF502A3-CF1D-4619-B169-517F157951DF}"
EndProject
Project("{9A19103F-16F7-4668-BE54-9A1E7A4F7556}") = "EventFlow.Examples.Shipping.Queries.InMemory", "Source\EventFlow.Examples.Shipping.Queries.InMemory\EventFlow.Examples.Shipping.Queries.InMemory.csproj", "{1C30C2E9-A3C4-41D5-B2A2-25C1DDE33F3A}"
EndProject
Project("{9A19103F-16F7-4668-BE54-9A1E7A4F7556}") = "EventFlow.Examples.Shipping.Tests", "Source\EventFlow.Examples.Shipping.Tests\EventFlow.Examples.Shipping.Tests.csproj", "{0EBEA705-79DC-497A-B4A2-FCCFB012EA65}"
EndProject
Project("{2150E333-8FDC-42A3-9474-1A3956D46DE8}") = "Extensions", "Extensions", "{5EE323DE-E69B-451A-8AC3-22DD6A004FBA}"
EndProject
Project("{2150E333-8FDC-42A3-9474-1A3956D46DE8}") = "SQL", "SQL", "{88359036-4F35-487C-BF2C-4F31C7BC92D8}"
EndProject
Project("{9A19103F-16F7-4668-BE54-9A1E7A4F7556}") = "EventFlow.Sql", "Source\EventFlow.Sql\EventFlow.Sql.csproj", "{983EFD08-2256-4361-A869-23EB872328CB}"
EndProject
Project("{9A19103F-16F7-4668-BE54-9A1E7A4F7556}") = "EventFlow.MsSql", "Source\EventFlow.MsSql\EventFlow.MsSql.csproj", "{96A39EA3-6772-409E-AF0B-C5A35A1A13CC}"
EndProject
Project("{9A19103F-16F7-4668-BE54-9A1E7A4F7556}") = "EventFlow.MsSql.Tests", "Source\EventFlow.MsSql.Tests\EventFlow.MsSql.Tests.csproj", "{CE19355C-6355-405F-A640-908AE4F83C2C}"
EndProject
Project("{2150E333-8FDC-42A3-9474-1A3956D46DE8}") = "PostgreSql", "PostgreSql", "{37ABC463-BAF5-4B5E-9A55-2BF12B0C144A}"
EndProject
Project("{9A19103F-16F7-4668-BE54-9A1E7A4F7556}") = "EventFlow.PostgreSql", "Source\EventFlow.PostgreSql\EventFlow.PostgreSql.csproj", "{B05E67FF-294D-4871-A5EF-8BA762951476}"
EndProject
Project("{9A19103F-16F7-4668-BE54-9A1E7A4F7556}") = "EventFlow.PostgreSql.Tests", "Source\EventFlow.PostgreSql.Tests\EventFlow.PostgreSql.Tests.csproj", "{87A29B00-48EB-40BC-B532-7EDC17604BB3}"
EndProject
Project("{2150E333-8FDC-42A3-9474-1A3956D46DE8}") = "MongoDB", "MongoDB", "{9B07B6E9-428A-42F7-AFB1-B23755A409EE}"
EndProject
Project("{9A19103F-16F7-4668-BE54-9A1E7A4F7556}") = "EventFlow.MongoDB", "Source\EventFlow.MongoDB\EventFlow.MongoDB.csproj", "{BF9A0D20-4F8E-443C-8F36-5DD854D188C2}"
EndProject
Project("{9A19103F-16F7-4668-BE54-9A1E7A4F7556}") = "EventFlow.MongoDB.Tests", "Source\EventFlow.MongoDB.Tests\EventFlow.MongoDB.Tests.csproj", "{9132960E-9496-4C77-BD80-A09A86814757}"
EndProject
Project("{2150E333-8FDC-42A3-9474-1A3956D46DE8}") = "Newtonsoft", "Newtonsoft", "{A5B5BFC7-ADEF-4BD9-BFF7-257CCB53AE85}"
Project("{2150E333-8FDC-42A3-9474-1A3956D46DE8}") = "MsSql", "MsSql", "{942CFA92-D15D-4CF8-87C9-0B9B727E5E22}"
EndProject
Project("{9A19103F-16F7-4668-BE54-9A1E7A4F7556}") = "EventFlow.Newtonsoft", "Source\EventFlow.Newtonsoft\EventFlow.Newtonsoft.csproj", "{062112DB-B932-4E9F-B4EE-AEFF9E5ED18F}"
Project("{2150E333-8FDC-42A3-9474-1A3956D46DE8}") = "PostgreSql", "PostgreSql", "{3A68BD5F-FE8D-4CD4-A039-3EFBDEDE8865}"
EndProject
Project("{9A19103F-16F7-4668-BE54-9A1E7A4F7556}") = "EventFlow.Newtonsoft.Tests", "Source\EventFlow.Newtonsoft.Tests\EventFlow.Newtonsoft.Tests.csproj", "{98F59912-4489-4013-A147-388F25BF1D39}"
EndProject
Project("{2150E333-8FDC-42A3-9474-1A3956D46DE8}") = "EventStore", "EventStore", "{3EC32022-809C-46F0-9355-53182AC75F11}"
EndProject
Project("{9A19103F-16F7-4668-BE54-9A1E7A4F7556}") = "EventFlow.EventStore", "Source\EventFlow.EventStore\EventFlow.EventStore.csproj", "{54E2A676-19EF-46AC-B4A9-771B2C9E6576}"
EndProject
Project("{9A19103F-16F7-4668-BE54-9A1E7A4F7556}") = "EventFlow.EventStore.Tests", "Source\EventFlow.EventStore.Tests\EventFlow.EventStore.Tests.csproj", "{56F7E820-C417-44C8-BD32-DBC10D819BFA}"
EndProject
Project("{2150E333-8FDC-42A3-9474-1A3956D46DE8}") = "RabbitMq", "RabbitMq", "{CE1D5F5A-B348-423E-9B5E-1A805BFB199F}"
EndProject
Project("{9A19103F-16F7-4668-BE54-9A1E7A4F7556}") = "EventFlow.RabbitMQ", "Source\EventFlow.RabbitMQ\EventFlow.RabbitMQ.csproj", "{9B807641-8566-4382-AF8B-445D074105AD}"
EndProject
Project("{9A19103F-16F7-4668-BE54-9A1E7A4F7556}") = "EventFlow.RabbitMQ.Tests", "Source\EventFlow.RabbitMQ.Tests\EventFlow.RabbitMQ.Tests.csproj", "{683BBF59-C81F-4E04-BE33-E8806B40F766}"
EndProject
Project("{2150E333-8FDC-42A3-9474-1A3956D46DE8}") = "MsSql", "MsSql", "{0EEDEE1C-A34E-41F5-886F-0B7267C4DCFB}"
EndProject
Project("{9A19103F-16F7-4668-BE54-9A1E7A4F7556}") = "EventFlow.Hangfire", "Source\EventFlow.Hangfire\EventFlow.Hangfire.csproj", "{EB39293D-565A-46E3-AC4E-C686B0172B11}"
EndProject
Project("{2150E333-8FDC-42A3-9474-1A3956D46DE8}") = "Hangfire", "Hangfire", "{9420AF2D-4A46-4BC7-B7F4-3044A3BD0EDC}"
EndProject
Project("{9A19103F-16F7-4668-BE54-9A1E7A4F7556}") = "EventFlow.Hangfire.Tests", "Source\EventFlow.Hangfire.Tests\EventFlow.Hangfire.Tests.csproj", "{3C3656E8-B5A3-48C4-ADED-AA199253F141}"
EndProject
Global
	GlobalSection(SolutionConfigurationPlatforms) = preSolution
		Debug|Any CPU = Debug|Any CPU
		Release|Any CPU = Release|Any CPU
	EndGlobalSection
	GlobalSection(ProjectConfigurationPlatforms) = postSolution
		{11131251-778D-4D2E-BDD1-4844A789BCA9}.Debug|Any CPU.ActiveCfg = Debug|Any CPU
		{11131251-778D-4D2E-BDD1-4844A789BCA9}.Debug|Any CPU.Build.0 = Debug|Any CPU
		{11131251-778D-4D2E-BDD1-4844A789BCA9}.Release|Any CPU.ActiveCfg = Release|Any CPU
		{11131251-778D-4D2E-BDD1-4844A789BCA9}.Release|Any CPU.Build.0 = Release|Any CPU
		{7747E4A0-B378-46B6-837D-5E78C497B061}.Debug|Any CPU.ActiveCfg = Debug|Any CPU
		{7747E4A0-B378-46B6-837D-5E78C497B061}.Debug|Any CPU.Build.0 = Debug|Any CPU
		{7747E4A0-B378-46B6-837D-5E78C497B061}.Release|Any CPU.ActiveCfg = Release|Any CPU
		{7747E4A0-B378-46B6-837D-5E78C497B061}.Release|Any CPU.Build.0 = Release|Any CPU
		{571D291C-5E4C-43AF-855F-7C4E2F318F4C}.Debug|Any CPU.ActiveCfg = Debug|Any CPU
		{571D291C-5E4C-43AF-855F-7C4E2F318F4C}.Debug|Any CPU.Build.0 = Debug|Any CPU
		{571D291C-5E4C-43AF-855F-7C4E2F318F4C}.Release|Any CPU.ActiveCfg = Release|Any CPU
		{571D291C-5E4C-43AF-855F-7C4E2F318F4C}.Release|Any CPU.Build.0 = Release|Any CPU
		{8AF502A3-CF1D-4619-B169-517F157951DF}.Debug|Any CPU.ActiveCfg = Debug|Any CPU
		{8AF502A3-CF1D-4619-B169-517F157951DF}.Debug|Any CPU.Build.0 = Debug|Any CPU
		{8AF502A3-CF1D-4619-B169-517F157951DF}.Release|Any CPU.ActiveCfg = Release|Any CPU
		{8AF502A3-CF1D-4619-B169-517F157951DF}.Release|Any CPU.Build.0 = Release|Any CPU
		{1C30C2E9-A3C4-41D5-B2A2-25C1DDE33F3A}.Debug|Any CPU.ActiveCfg = Debug|Any CPU
		{1C30C2E9-A3C4-41D5-B2A2-25C1DDE33F3A}.Debug|Any CPU.Build.0 = Debug|Any CPU
		{1C30C2E9-A3C4-41D5-B2A2-25C1DDE33F3A}.Release|Any CPU.ActiveCfg = Release|Any CPU
		{1C30C2E9-A3C4-41D5-B2A2-25C1DDE33F3A}.Release|Any CPU.Build.0 = Release|Any CPU
		{0EBEA705-79DC-497A-B4A2-FCCFB012EA65}.Debug|Any CPU.ActiveCfg = Debug|Any CPU
		{0EBEA705-79DC-497A-B4A2-FCCFB012EA65}.Debug|Any CPU.Build.0 = Debug|Any CPU
		{0EBEA705-79DC-497A-B4A2-FCCFB012EA65}.Release|Any CPU.ActiveCfg = Release|Any CPU
		{0EBEA705-79DC-497A-B4A2-FCCFB012EA65}.Release|Any CPU.Build.0 = Release|Any CPU
		{983EFD08-2256-4361-A869-23EB872328CB}.Debug|Any CPU.ActiveCfg = Debug|Any CPU
		{983EFD08-2256-4361-A869-23EB872328CB}.Debug|Any CPU.Build.0 = Debug|Any CPU
		{983EFD08-2256-4361-A869-23EB872328CB}.Release|Any CPU.ActiveCfg = Release|Any CPU
		{983EFD08-2256-4361-A869-23EB872328CB}.Release|Any CPU.Build.0 = Release|Any CPU
		{96A39EA3-6772-409E-AF0B-C5A35A1A13CC}.Debug|Any CPU.ActiveCfg = Debug|Any CPU
		{96A39EA3-6772-409E-AF0B-C5A35A1A13CC}.Debug|Any CPU.Build.0 = Debug|Any CPU
		{96A39EA3-6772-409E-AF0B-C5A35A1A13CC}.Release|Any CPU.ActiveCfg = Release|Any CPU
		{96A39EA3-6772-409E-AF0B-C5A35A1A13CC}.Release|Any CPU.Build.0 = Release|Any CPU
		{CE19355C-6355-405F-A640-908AE4F83C2C}.Debug|Any CPU.ActiveCfg = Debug|Any CPU
		{CE19355C-6355-405F-A640-908AE4F83C2C}.Debug|Any CPU.Build.0 = Debug|Any CPU
		{CE19355C-6355-405F-A640-908AE4F83C2C}.Release|Any CPU.ActiveCfg = Release|Any CPU
		{CE19355C-6355-405F-A640-908AE4F83C2C}.Release|Any CPU.Build.0 = Release|Any CPU
		{B05E67FF-294D-4871-A5EF-8BA762951476}.Debug|Any CPU.ActiveCfg = Debug|Any CPU
		{B05E67FF-294D-4871-A5EF-8BA762951476}.Debug|Any CPU.Build.0 = Debug|Any CPU
		{B05E67FF-294D-4871-A5EF-8BA762951476}.Release|Any CPU.ActiveCfg = Release|Any CPU
		{B05E67FF-294D-4871-A5EF-8BA762951476}.Release|Any CPU.Build.0 = Release|Any CPU
		{87A29B00-48EB-40BC-B532-7EDC17604BB3}.Debug|Any CPU.ActiveCfg = Debug|Any CPU
		{87A29B00-48EB-40BC-B532-7EDC17604BB3}.Debug|Any CPU.Build.0 = Debug|Any CPU
		{87A29B00-48EB-40BC-B532-7EDC17604BB3}.Release|Any CPU.ActiveCfg = Release|Any CPU
		{87A29B00-48EB-40BC-B532-7EDC17604BB3}.Release|Any CPU.Build.0 = Release|Any CPU
		{BF9A0D20-4F8E-443C-8F36-5DD854D188C2}.Debug|Any CPU.ActiveCfg = Debug|Any CPU
		{BF9A0D20-4F8E-443C-8F36-5DD854D188C2}.Debug|Any CPU.Build.0 = Debug|Any CPU
		{BF9A0D20-4F8E-443C-8F36-5DD854D188C2}.Release|Any CPU.ActiveCfg = Release|Any CPU
		{BF9A0D20-4F8E-443C-8F36-5DD854D188C2}.Release|Any CPU.Build.0 = Release|Any CPU
		{9132960E-9496-4C77-BD80-A09A86814757}.Debug|Any CPU.ActiveCfg = Debug|Any CPU
		{9132960E-9496-4C77-BD80-A09A86814757}.Debug|Any CPU.Build.0 = Debug|Any CPU
		{9132960E-9496-4C77-BD80-A09A86814757}.Release|Any CPU.ActiveCfg = Release|Any CPU
		{9132960E-9496-4C77-BD80-A09A86814757}.Release|Any CPU.Build.0 = Release|Any CPU
		{062112DB-B932-4E9F-B4EE-AEFF9E5ED18F}.Debug|Any CPU.ActiveCfg = Debug|Any CPU
		{062112DB-B932-4E9F-B4EE-AEFF9E5ED18F}.Debug|Any CPU.Build.0 = Debug|Any CPU
		{062112DB-B932-4E9F-B4EE-AEFF9E5ED18F}.Release|Any CPU.ActiveCfg = Release|Any CPU
		{062112DB-B932-4E9F-B4EE-AEFF9E5ED18F}.Release|Any CPU.Build.0 = Release|Any CPU
		{98F59912-4489-4013-A147-388F25BF1D39}.Debug|Any CPU.ActiveCfg = Debug|Any CPU
		{98F59912-4489-4013-A147-388F25BF1D39}.Debug|Any CPU.Build.0 = Debug|Any CPU
		{98F59912-4489-4013-A147-388F25BF1D39}.Release|Any CPU.ActiveCfg = Release|Any CPU
		{98F59912-4489-4013-A147-388F25BF1D39}.Release|Any CPU.Build.0 = Release|Any CPU
		{54E2A676-19EF-46AC-B4A9-771B2C9E6576}.Debug|Any CPU.ActiveCfg = Debug|Any CPU
		{54E2A676-19EF-46AC-B4A9-771B2C9E6576}.Debug|Any CPU.Build.0 = Debug|Any CPU
		{54E2A676-19EF-46AC-B4A9-771B2C9E6576}.Release|Any CPU.ActiveCfg = Release|Any CPU
		{54E2A676-19EF-46AC-B4A9-771B2C9E6576}.Release|Any CPU.Build.0 = Release|Any CPU
		{56F7E820-C417-44C8-BD32-DBC10D819BFA}.Debug|Any CPU.ActiveCfg = Debug|Any CPU
		{56F7E820-C417-44C8-BD32-DBC10D819BFA}.Debug|Any CPU.Build.0 = Debug|Any CPU
		{56F7E820-C417-44C8-BD32-DBC10D819BFA}.Release|Any CPU.ActiveCfg = Release|Any CPU
		{56F7E820-C417-44C8-BD32-DBC10D819BFA}.Release|Any CPU.Build.0 = Release|Any CPU
		{9B807641-8566-4382-AF8B-445D074105AD}.Debug|Any CPU.ActiveCfg = Debug|Any CPU
		{9B807641-8566-4382-AF8B-445D074105AD}.Debug|Any CPU.Build.0 = Debug|Any CPU
		{9B807641-8566-4382-AF8B-445D074105AD}.Release|Any CPU.ActiveCfg = Release|Any CPU
		{9B807641-8566-4382-AF8B-445D074105AD}.Release|Any CPU.Build.0 = Release|Any CPU
		{683BBF59-C81F-4E04-BE33-E8806B40F766}.Debug|Any CPU.ActiveCfg = Debug|Any CPU
		{683BBF59-C81F-4E04-BE33-E8806B40F766}.Debug|Any CPU.Build.0 = Debug|Any CPU
		{683BBF59-C81F-4E04-BE33-E8806B40F766}.Release|Any CPU.ActiveCfg = Release|Any CPU
		{683BBF59-C81F-4E04-BE33-E8806B40F766}.Release|Any CPU.Build.0 = Release|Any CPU
		{EB39293D-565A-46E3-AC4E-C686B0172B11}.Debug|Any CPU.ActiveCfg = Debug|Any CPU
		{EB39293D-565A-46E3-AC4E-C686B0172B11}.Debug|Any CPU.Build.0 = Debug|Any CPU
		{EB39293D-565A-46E3-AC4E-C686B0172B11}.Release|Any CPU.ActiveCfg = Release|Any CPU
		{EB39293D-565A-46E3-AC4E-C686B0172B11}.Release|Any CPU.Build.0 = Release|Any CPU
		{3C3656E8-B5A3-48C4-ADED-AA199253F141}.Debug|Any CPU.ActiveCfg = Debug|Any CPU
		{3C3656E8-B5A3-48C4-ADED-AA199253F141}.Debug|Any CPU.Build.0 = Debug|Any CPU
		{3C3656E8-B5A3-48C4-ADED-AA199253F141}.Release|Any CPU.ActiveCfg = Release|Any CPU
		{3C3656E8-B5A3-48C4-ADED-AA199253F141}.Release|Any CPU.Build.0 = Release|Any CPU
	EndGlobalSection
	GlobalSection(SolutionProperties) = preSolution
		HideSolutionNode = FALSE
	EndGlobalSection
	GlobalSection(NestedProjects) = preSolution
		{405C2850-2435-4C27-84BA-9DE3BC1DF68B} = {673D0A1A-EFEA-4541-942B-6C1FE704EC56}
		{8AF502A3-CF1D-4619-B169-517F157951DF} = {405C2850-2435-4C27-84BA-9DE3BC1DF68B}
		{1C30C2E9-A3C4-41D5-B2A2-25C1DDE33F3A} = {405C2850-2435-4C27-84BA-9DE3BC1DF68B}
		{0EBEA705-79DC-497A-B4A2-FCCFB012EA65} = {405C2850-2435-4C27-84BA-9DE3BC1DF68B}
		{88359036-4F35-487C-BF2C-4F31C7BC92D8} = {5EE323DE-E69B-451A-8AC3-22DD6A004FBA}
		{983EFD08-2256-4361-A869-23EB872328CB} = {88359036-4F35-487C-BF2C-4F31C7BC92D8}
		{96A39EA3-6772-409E-AF0B-C5A35A1A13CC} = {942CFA92-D15D-4CF8-87C9-0B9B727E5E22}
		{CE19355C-6355-405F-A640-908AE4F83C2C} = {942CFA92-D15D-4CF8-87C9-0B9B727E5E22}
		{37ABC463-BAF5-4B5E-9A55-2BF12B0C144A} = {3A68BD5F-FE8D-4CD4-A039-3EFBDEDE8865}
		{96A39EA3-6772-409E-AF0B-C5A35A1A13CC} = {0EEDEE1C-A34E-41F5-886F-0B7267C4DCFB}
		{CE19355C-6355-405F-A640-908AE4F83C2C} = {0EEDEE1C-A34E-41F5-886F-0B7267C4DCFB}
		{37ABC463-BAF5-4B5E-9A55-2BF12B0C144A} = {88359036-4F35-487C-BF2C-4F31C7BC92D8}
		{B05E67FF-294D-4871-A5EF-8BA762951476} = {37ABC463-BAF5-4B5E-9A55-2BF12B0C144A}
		{87A29B00-48EB-40BC-B532-7EDC17604BB3} = {37ABC463-BAF5-4B5E-9A55-2BF12B0C144A}
		{9B07B6E9-428A-42F7-AFB1-B23755A409EE} = {5EE323DE-E69B-451A-8AC3-22DD6A004FBA}
		{BF9A0D20-4F8E-443C-8F36-5DD854D188C2} = {9B07B6E9-428A-42F7-AFB1-B23755A409EE}
		{9132960E-9496-4C77-BD80-A09A86814757} = {9B07B6E9-428A-42F7-AFB1-B23755A409EE}
		{A5B5BFC7-ADEF-4BD9-BFF7-257CCB53AE85} = {5EE323DE-E69B-451A-8AC3-22DD6A004FBA}
		{062112DB-B932-4E9F-B4EE-AEFF9E5ED18F} = {A5B5BFC7-ADEF-4BD9-BFF7-257CCB53AE85}
		{98F59912-4489-4013-A147-388F25BF1D39} = {A5B5BFC7-ADEF-4BD9-BFF7-257CCB53AE85}
		{3EC32022-809C-46F0-9355-53182AC75F11} = {5EE323DE-E69B-451A-8AC3-22DD6A004FBA}
		{54E2A676-19EF-46AC-B4A9-771B2C9E6576} = {3EC32022-809C-46F0-9355-53182AC75F11}
		{56F7E820-C417-44C8-BD32-DBC10D819BFA} = {3EC32022-809C-46F0-9355-53182AC75F11}
		{942CFA92-D15D-4CF8-87C9-0B9B727E5E22} = {88359036-4F35-487C-BF2C-4F31C7BC92D8}
		{3A68BD5F-FE8D-4CD4-A039-3EFBDEDE8865} = {88359036-4F35-487C-BF2C-4F31C7BC92D8}
		{CE1D5F5A-B348-423E-9B5E-1A805BFB199F} = {5EE323DE-E69B-451A-8AC3-22DD6A004FBA}
		{9B807641-8566-4382-AF8B-445D074105AD} = {CE1D5F5A-B348-423E-9B5E-1A805BFB199F}
		{683BBF59-C81F-4E04-BE33-E8806B40F766} = {CE1D5F5A-B348-423E-9B5E-1A805BFB199F}
		{0EEDEE1C-A34E-41F5-886F-0B7267C4DCFB} = {88359036-4F35-487C-BF2C-4F31C7BC92D8}
		{EB39293D-565A-46E3-AC4E-C686B0172B11} = {9420AF2D-4A46-4BC7-B7F4-3044A3BD0EDC}
		{9420AF2D-4A46-4BC7-B7F4-3044A3BD0EDC} = {5EE323DE-E69B-451A-8AC3-22DD6A004FBA}
		{3C3656E8-B5A3-48C4-ADED-AA199253F141} = {9420AF2D-4A46-4BC7-B7F4-3044A3BD0EDC}
	EndGlobalSection
	GlobalSection(ExtensibilityGlobals) = postSolution
		SolutionGuid = {17607E2C-4E8E-45A2-85BD-0A5808E1C0F3}
	EndGlobalSection
EndGlobal
