
Microsoft Visual Studio Solution File, Format Version 12.00
# Visual Studio Version 16
VisualStudioVersion = 16.0.30611.23
MinimumVisualStudioVersion = 15.0.26124.0
Project("{9A19103F-16F7-4668-BE54-9A1E7A4F7556}") = "EventFlow.WebApp.Template", "EventFlow.WebApp.Template\EventFlow.WebApp.Template.csproj", "{83DC3BF8-9A0F-4644-8E51-7D94FAF6EA9C}"
EndProject
Project("{9A19103F-16F7-4668-BE54-9A1E7A4F7556}") = "EventFlow.WebApp.Template.Domain", "EventFlow.WebApp.Template.Domain\EventFlow.WebApp.Template.Domain.csproj", "{78D298B8-C5DF-4342-AFF1-C89B1BF0CA96}"
EndProject
Global
	GlobalSection(SolutionConfigurationPlatforms) = preSolution
		Debug|Any CPU = Debug|Any CPU
		Release|Any CPU = Release|Any CPU
	EndGlobalSection
	GlobalSection(ProjectConfigurationPlatforms) = postSolution
		{83DC3BF8-9A0F-4644-8E51-7D94FAF6EA9C}.Debug|Any CPU.ActiveCfg = Debug|Any CPU
		{83DC3BF8-9A0F-4644-8E51-7D94FAF6EA9C}.Debug|Any CPU.Build.0 = Debug|Any CPU
		{83DC3BF8-9A0F-4644-8E51-7D94FAF6EA9C}.Release|Any CPU.ActiveCfg = Release|Any CPU
		{83DC3BF8-9A0F-4644-8E51-7D94FAF6EA9C}.Release|Any CPU.Build.0 = Release|Any CPU
		{78D298B8-C5DF-4342-AFF1-C89B1BF0CA96}.Debug|Any CPU.ActiveCfg = Debug|Any CPU
		{78D298B8-C5DF-4342-AFF1-C89B1BF0CA96}.Debug|Any CPU.Build.0 = Debug|Any CPU
		{78D298B8-C5DF-4342-AFF1-C89B1BF0CA96}.Release|Any CPU.ActiveCfg = Release|Any CPU
		{78D298B8-C5DF-4342-AFF1-C89B1BF0CA96}.Release|Any CPU.Build.0 = Release|Any CPU
	EndGlobalSection
	GlobalSection(SolutionProperties) = preSolution
		HideSolutionNode = FALSE
	EndGlobalSection
	GlobalSection(ExtensibilityGlobals) = postSolution
		SolutionGuid = {FD2ED6FE-1CE2-4C32-8F07-ABB5DEA4E6CE}
	EndGlobalSection
EndGlobal
