
Microsoft Visual Studio Solution File, Format Version 12.00
# Visual Studio Version 16
VisualStudioVersion = 16.0.30611.23
MinimumVisualStudioVersion = 10.0.40219.1
Project("{FAE04EC0-301F-11D3-BF4B-00C04F79EFBC}") = "EventFlow.Library.Template", "EventFlow.Library.Template\EventFlow.Library.Template.csproj", "{A5803375-CB4E-49FC-A772-9C398E10822F}"
EndProject
Global
	GlobalSection(SolutionConfigurationPlatforms) = preSolution
		Debug|Any CPU = Debug|Any CPU
		Release|Any CPU = Release|Any CPU
	EndGlobalSection
	GlobalSection(ProjectConfigurationPlatforms) = postSolution
		{A5803375-CB4E-49FC-A772-9C398E10822F}.Debug|Any CPU.ActiveCfg = Debug|Any CPU
		{A5803375-CB4E-49FC-A772-9C398E10822F}.Debug|Any CPU.Build.0 = Debug|Any CPU
		{A5803375-CB4E-49FC-A772-9C398E10822F}.Release|Any CPU.ActiveCfg = Release|Any CPU
		{A5803375-CB4E-49FC-A772-9C398E10822F}.Release|Any CPU.Build.0 = Release|Any CPU
	EndGlobalSection
	GlobalSection(SolutionProperties) = preSolution
		HideSolutionNode = FALSE
	EndGlobalSection
	GlobalSection(ExtensibilityGlobals) = postSolution
		SolutionGuid = {74E573F6-73F1-49EC-BAC2-B7D88BE387D0}
	EndGlobalSection
EndGlobal
